// !$*UTF8*$!
{
	archiveVersion = 1;
	classes = {
	};
	objectVersion = 50;
	objects = {

/* Begin PBXBuildFile section */
		FFADAD8C233AC28D007E3883 /* AppDelegate.swift in Sources */ = {isa = PBXBuildFile; fileRef = FFADAD8B233AC28D007E3883 /* AppDelegate.swift */; };
		FFADAD8E233AC28D007E3883 /* SceneDelegate.swift in Sources */ = {isa = PBXBuildFile; fileRef = FFADAD8D233AC28D007E3883 /* SceneDelegate.swift */; };
		FFADAD90233AC28D007E3883 /* ContentView.swift in Sources */ = {isa = PBXBuildFile; fileRef = FFADAD8F233AC28D007E3883 /* ContentView.swift */; };
		FFADAD92233AC28E007E3883 /* Assets.xcassets in Resources */ = {isa = PBXBuildFile; fileRef = FFADAD91233AC28E007E3883 /* Assets.xcassets */; };
		FFADAD95233AC28E007E3883 /* Preview Assets.xcassets in Resources */ = {isa = PBXBuildFile; fileRef = FFADAD94233AC28E007E3883 /* Preview Assets.xcassets */; };
		FFADAD98233AC28E007E3883 /* LaunchScreen.storyboard in Resources */ = {isa = PBXBuildFile; fileRef = FFADAD96233AC28E007E3883 /* LaunchScreen.storyboard */; };
/* End PBXBuildFile section */

/* Begin PBXFileReference section */
		FFADAD88233AC28D007E3883 /* cafeteria.app */ = {isa = PBXFileReference; explicitFileType = wrapper.application; includeInIndex = 0; path = cafeteria.app; sourceTree = BUILT_PRODUCTS_DIR; };
		FFADAD8B233AC28D007E3883 /* AppDelegate.swift */ = {isa = PBXFileReference; lastKnownFileType = sourcecode.swift; path = AppDelegate.swift; sourceTree = "<group>"; };
		FFADAD8D233AC28D007E3883 /* SceneDelegate.swift */ = {isa = PBXFileReference; lastKnownFileType = sourcecode.swift; path = SceneDelegate.swift; sourceTree = "<group>"; };
		FFADAD8F233AC28D007E3883 /* ContentView.swift */ = {isa = PBXFileReference; lastKnownFileType = sourcecode.swift; path = ContentView.swift; sourceTree = "<group>"; };
		FFADAD91233AC28E007E3883 /* Assets.xcassets */ = {isa = PBXFileReference; lastKnownFileType = folder.assetcatalog; path = Assets.xcassets; sourceTree = "<group>"; };
		FFADAD94233AC28E007E3883 /* Preview Assets.xcassets */ = {isa = PBXFileReference; lastKnownFileType = folder.assetcatalog; path = "Preview Assets.xcassets"; sourceTree = "<group>"; };
		FFADAD97233AC28E007E3883 /* Base */ = {isa = PBXFileReference; lastKnownFileType = file.storyboard; name = Base; path = Base.lproj/LaunchScreen.storyboard; sourceTree = "<group>"; };
		FFADAD99233AC28E007E3883 /* Info.plist */ = {isa = PBXFileReference; lastKnownFileType = text.plist.xml; path = Info.plist; sourceTree = "<group>"; };
/* End PBXFileReference section */

/* Begin PBXFrameworksBuildPhase section */
		FFADAD85233AC28D007E3883 /* Frameworks */ = {
			isa = PBXFrameworksBuildPhase;
			buildActionMask = 2147483647;
			files = (
			);
			runOnlyForDeploymentPostprocessing = 0;
		};
/* End PBXFrameworksBuildPhase section */

/* Begin PBXGroup section */
		FFADAD7F233AC28D007E3883 = {
			isa = PBXGroup;
			children = (
				FFADAD8A233AC28D007E3883 /* cafeteria */,
				FFADAD89233AC28D007E3883 /* Products */,
			);
			sourceTree = "<group>";
		};
		FFADAD89233AC28D007E3883 /* Products */ = {
			isa = PBXGroup;
			children = (
				FFADAD88233AC28D007E3883 /* cafeteria.app */,
			);
			name = Products;
			sourceTree = "<group>";
		};
		FFADAD8A233AC28D007E3883 /* cafeteria */ = {
			isa = PBXGroup;
			children = (
				FFADAD8B233AC28D007E3883 /* AppDelegate.swift */,
				FFADAD8D233AC28D007E3883 /* SceneDelegate.swift */,
				FFADAD8F233AC28D007E3883 /* ContentView.swift */,
				FFADAD91233AC28E007E3883 /* Assets.xcassets */,
				FFADAD96233AC28E007E3883 /* LaunchScreen.storyboard */,
				FFADAD99233AC28E007E3883 /* Info.plist */,
				FFADAD93233AC28E007E3883 /* Preview Content */,
			);
			path = cafeteria;
			sourceTree = "<group>";
		};
		FFADAD93233AC28E007E3883 /* Preview Content */ = {
			isa = PBXGroup;
			children = (
				FFADAD94233AC28E007E3883 /* Preview Assets.xcassets */,
			);
			path = "Preview Content";
			sourceTree = "<group>";
		};
/* End PBXGroup section */

/* Begin PBXNativeTarget section */
		FFADAD87233AC28D007E3883 /* cafeteria */ = {
			isa = PBXNativeTarget;
			buildConfigurationList = FFADAD9C233AC28E007E3883 /* Build configuration list for PBXNativeTarget "cafeteria" */;
			buildPhases = (
				FFADAD84233AC28D007E3883 /* Sources */,
				FFADAD85233AC28D007E3883 /* Frameworks */,
				FFADAD86233AC28D007E3883 /* Resources */,
			);
			buildRules = (
			);
			dependencies = (
			);
			name = cafeteria;
			productName = cafeteria;
			productReference = FFADAD88233AC28D007E3883 /* cafeteria.app */;
			productType = "com.apple.product-type.application";
		};
/* End PBXNativeTarget section */

/* Begin PBXProject section */
		FFADAD80233AC28D007E3883 /* Project object */ = {
			isa = PBXProject;
			attributes = {
				LastSwiftUpdateCheck = 1100;
				LastUpgradeCheck = 1100;
				ORGANIZATIONNAME = Klom;
				TargetAttributes = {
					FFADAD87233AC28D007E3883 = {
						CreatedOnToolsVersion = 11.0;
					};
				};
			};
			buildConfigurationList = FFADAD83233AC28D007E3883 /* Build configuration list for PBXProject "cafeteria" */;
			compatibilityVersion = "Xcode 9.3";
			developmentRegion = en;
			hasScannedForEncodings = 0;
			knownRegions = (
				en,
				Base,
			);
			mainGroup = FFADAD7F233AC28D007E3883;
			productRefGroup = FFADAD89233AC28D007E3883 /* Products */;
			projectDirPath = "";
			projectRoot = "";
			targets = (
				FFADAD87233AC28D007E3883 /* cafeteria */,
			);
		};
/* End PBXProject section */

/* Begin PBXResourcesBuildPhase section */
		FFADAD86233AC28D007E3883 /* Resources */ = {
			isa = PBXResourcesBuildPhase;
			buildActionMask = 2147483647;
			files = (
				FFADAD98233AC28E007E3883 /* LaunchScreen.storyboard in Resources */,
				FFADAD95233AC28E007E3883 /* Preview Assets.xcassets in Resources */,
				FFADAD92233AC28E007E3883 /* Assets.xcassets in Resources */,
			);
			runOnlyForDeploymentPostprocessing = 0;
		};
/* End PBXResourcesBuildPhase section */

/* Begin PBXSourcesBuildPhase section */
		FFADAD84233AC28D007E3883 /* Sources */ = {
			isa = PBXSourcesBuildPhase;
			buildActionMask = 2147483647;
			files = (
				FFADAD8C233AC28D007E3883 /* AppDelegate.swift in Sources */,
				FFADAD8E233AC28D007E3883 /* SceneDelegate.swift in Sources */,
				FFADAD90233AC28D007E3883 /* ContentView.swift in Sources */,
			);
			runOnlyForDeploymentPostprocessing = 0;
		};
/* End PBXSourcesBuildPhase section */

/* Begin PBXVariantGroup section */
		FFADAD96233AC28E007E3883 /* LaunchScreen.storyboard */ = {
			isa = PBXVariantGroup;
			children = (
				FFADAD97233AC28E007E3883 /* Base */,
			);
			name = LaunchScreen.storyboard;
			sourceTree = "<group>";
		};
/* End PBXVariantGroup section */

/* Begin XCBuildConfiguration section */
		FFADAD9A233AC28E007E3883 /* Debug */ = {
			isa = XCBuildConfiguration;
			buildSettings = {
				ALWAYS_SEARCH_USER_PATHS = NO;
				CLANG_ANALYZER_NONNULL = YES;
				CLANG_ANALYZER_NUMBER_OBJECT_CONVERSION = YES_AGGRESSIVE;
				CLANG_CXX_LANGUAGE_STANDARD = "gnu++14";
				CLANG_CXX_LIBRARY = "libc++";
				CLANG_ENABLE_MODULES = YES;
				CLANG_ENABLE_OBJC_ARC = YES;
				CLANG_ENABLE_OBJC_WEAK = YES;
				CLANG_WARN_BLOCK_CAPTURE_AUTORELEASING = YES;
				CLANG_WARN_BOOL_CONVERSION = YES;
				CLANG_WARN_COMMA = YES;
				CLANG_WARN_CONSTANT_CONVERSION = YES;
				CLANG_WARN_DEPRECATED_OBJC_IMPLEMENTATIONS = YES;
				CLANG_WARN_DIRECT_OBJC_ISA_USAGE = YES_ERROR;
				CLANG_WARN_DOCUMENTATION_COMMENTS = YES;
				CLANG_WARN_EMPTY_BODY = YES;
				CLANG_WARN_ENUM_CONVERSION = YES;
				CLANG_WARN_INFINITE_RECURSION = YES;
				CLANG_WARN_INT_CONVERSION = YES;
				CLANG_WARN_NON_LITERAL_NULL_CONVERSION = YES;
				CLANG_WARN_OBJC_IMPLICIT_RETAIN_SELF = YES;
				CLANG_WARN_OBJC_LITERAL_CONVERSION = YES;
				CLANG_WARN_OBJC_ROOT_CLASS = YES_ERROR;
				CLANG_WARN_RANGE_LOOP_ANALYSIS = YES;
				CLANG_WARN_STRICT_PROTOTYPES = YES;
				CLANG_WARN_SUSPICIOUS_MOVE = YES;
				CLANG_WARN_UNGUARDED_AVAILABILITY = YES_AGGRESSIVE;
				CLANG_WARN_UNREACHABLE_CODE = YES;
				CLANG_WARN__DUPLICATE_METHOD_MATCH = YES;
				COPY_PHASE_STRIP = NO;
				DEBUG_INFORMATION_FORMAT = dwarf;
				ENABLE_STRICT_OBJC_MSGSEND = YES;
				ENABLE_TESTABILITY = YES;
				GCC_C_LANGUAGE_STANDARD = gnu11;
				GCC_DYNAMIC_NO_PIC = NO;
				GCC_NO_COMMON_BLOCKS = YES;
				GCC_OPTIMIZATION_LEVEL = 0;
				GCC_PREPROCESSOR_DEFINITIONS = (
					"DEBUG=1",
					"$(inherited)",
				);
				GCC_WARN_64_TO_32_BIT_CONVERSION = YES;
				GCC_WARN_ABOUT_RETURN_TYPE = YES_ERROR;
				GCC_WARN_UNDECLARED_SELECTOR = YES;
				GCC_WARN_UNINITIALIZED_AUTOS = YES_AGGRESSIVE;
				GCC_WARN_UNUSED_FUNCTION = YES;
				GCC_WARN_UNUSED_VARIABLE = YES;
				IPHONEOS_DEPLOYMENT_TARGET = 13.0;
				MTL_ENABLE_DEBUG_INFO = INCLUDE_SOURCE;
				MTL_FAST_MATH = YES;
				ONLY_ACTIVE_ARCH = YES;
				SDKROOT = iphoneos;
				SWIFT_ACTIVE_COMPILATION_CONDITIONS = DEBUG;
				SWIFT_OPTIMIZATION_LEVEL = "-Onone";
			};
			name = Debug;
		};
		FFADAD9B233AC28E007E3883 /* Release */ = {
			isa = XCBuildConfiguration;
			buildSettings = {
				ALWAYS_SEARCH_USER_PATHS = NO;
				CLANG_ANALYZER_NONNULL = YES;
				CLANG_ANALYZER_NUMBER_OBJECT_CONVERSION = YES_AGGRESSIVE;
				CLANG_CXX_LANGUAGE_STANDARD = "gnu++14";
				CLANG_CXX_LIBRARY = "libc++";
				CLANG_ENABLE_MODULES = YES;
				CLANG_ENABLE_OBJC_ARC = YES;
				CLANG_ENABLE_OBJC_WEAK = YES;
				CLANG_WARN_BLOCK_CAPTURE_AUTORELEASING = YES;
				CLANG_WARN_BOOL_CONVERSION = YES;
				CLANG_WARN_COMMA = YES;
				CLANG_WARN_CONSTANT_CONVERSION = YES;
				CLANG_WARN_DEPRECATED_OBJC_IMPLEMENTATIONS = YES;
				CLANG_WARN_DIRECT_OBJC_ISA_USAGE = YES_ERROR;
				CLANG_WARN_DOCUMENTATION_COMMENTS = YES;
				CLANG_WARN_EMPTY_BODY = YES;
				CLANG_WARN_ENUM_CONVERSION = YES;
				CLANG_WARN_INFINITE_RECURSION = YES;
				CLANG_WARN_INT_CONVERSION = YES;
				CLANG_WARN_NON_LITERAL_NULL_CONVERSION = YES;
				CLANG_WARN_OBJC_IMPLICIT_RETAIN_SELF = YES;
				CLANG_WARN_OBJC_LITERAL_CONVERSION = YES;
				CLANG_WARN_OBJC_ROOT_CLASS = YES_ERROR;
				CLANG_WARN_RANGE_LOOP_ANALYSIS = YES;
				CLANG_WARN_STRICT_PROTOTYPES = YES;
				CLANG_WARN_SUSPICIOUS_MOVE = YES;
				CLANG_WARN_UNGUARDED_AVAILABILITY = YES_AGGRESSIVE;
				CLANG_WARN_UNREACHABLE_CODE = YES;
				CLANG_WARN__DUPLICATE_METHOD_MATCH = YES;
				COPY_PHASE_STRIP = NO;
				DEBUG_INFORMATION_FORMAT = "dwarf-with-dsym";
				ENABLE_NS_ASSERTIONS = NO;
				ENABLE_STRICT_OBJC_MSGSEND = YES;
				GCC_C_LANGUAGE_STANDARD = gnu11;
				GCC_NO_COMMON_BLOCKS = YES;
				GCC_WARN_64_TO_32_BIT_CONVERSION = YES;
				GCC_WARN_ABOUT_RETURN_TYPE = YES_ERROR;
				GCC_WARN_UNDECLARED_SELECTOR = YES;
				GCC_WARN_UNINITIALIZED_AUTOS = YES_AGGRESSIVE;
				GCC_WARN_UNUSED_FUNCTION = YES;
				GCC_WARN_UNUSED_VARIABLE = YES;
				IPHONEOS_DEPLOYMENT_TARGET = 13.0;
				MTL_ENABLE_DEBUG_INFO = NO;
				MTL_FAST_MATH = YES;
				SDKROOT = iphoneos;
				SWIFT_COMPILATION_MODE = wholemodule;
				SWIFT_OPTIMIZATION_LEVEL = "-O";
				VALIDATE_PRODUCT = YES;
			};
			name = Release;
		};
		FFADAD9D233AC28E007E3883 /* Debug */ = {
			isa = XCBuildConfiguration;
			buildSettings = {
				ASSETCATALOG_COMPILER_APPICON_NAME = AppIcon;
				CODE_SIGN_STYLE = Automatic;
				DEVELOPMENT_ASSET_PATHS = "\"cafeteria/Preview Content\"";
				ENABLE_PREVIEWS = YES;
				INFOPLIST_FILE = cafeteria/Info.plist;
				LD_RUNPATH_SEARCH_PATHS = (
					"$(inherited)",
					"@executable_path/Frameworks",
				);
				PRODUCT_BUNDLE_IDENTIFIER = UNAM.cafeteria;
				PRODUCT_NAME = "$(TARGET_NAME)";
				SWIFT_VERSION = 5.0;
				TARGETED_DEVICE_FAMILY = "1,2";
			};
			name = Debug;
		};
		FFADAD9E233AC28E007E3883 /* Release */ = {
			isa = XCBuildConfiguration;
			buildSettings = {
				ASSETCATALOG_COMPILER_APPICON_NAME = AppIcon;
				CODE_SIGN_STYLE = Automatic;
				DEVELOPMENT_ASSET_PATHS = "\"cafeteria/Preview Content\"";
				ENABLE_PREVIEWS = YES;
				INFOPLIST_FILE = cafeteria/Info.plist;
				LD_RUNPATH_SEARCH_PATHS = (
					"$(inherited)",
					"@executable_path/Frameworks",
				);
				PRODUCT_BUNDLE_IDENTIFIER = UNAM.cafeteria;
				PRODUCT_NAME = "$(TARGET_NAME)";
				SWIFT_VERSION = 5.0;
				TARGETED_DEVICE_FAMILY = "1,2";
			};
			name = Release;
		};
/* End XCBuildConfiguration section */

/* Begin XCConfigurationList section */
		FFADAD83233AC28D007E3883 /* Build configuration list for PBXProject "cafeteria" */ = {
			isa = XCConfigurationList;
			buildConfigurations = (
				FFADAD9A233AC28E007E3883 /* Debug */,
				FFADAD9B233AC28E007E3883 /* Release */,
			);
			defaultConfigurationIsVisible = 0;
			defaultConfigurationName = Release;
		};
		FFADAD9C233AC28E007E3883 /* Build configuration list for PBXNativeTarget "cafeteria" */ = {
			isa = XCConfigurationList;
			buildConfigurations = (
				FFADAD9D233AC28E007E3883 /* Debug */,
				FFADAD9E233AC28E007E3883 /* Release */,
			);
			defaultConfigurationIsVisible = 0;
			defaultConfigurationName = Release;
		};
/* End XCConfigurationList section */
	};
	rootObject = FFADAD80233AC28D007E3883 /* Project object */;
}
