// !$*UTF8*$!
{
	archiveVersion = 1;
	classes = {
	};
	objectVersion = 50;
	objects = {

/* Begin PBXBuildFile section */
		F3D81CC0233D06070073DAC7 /* AppDelegate.swift in Sources */ = {isa = PBXBuildFile; fileRef = F3D81CBF233D06070073DAC7 /* AppDelegate.swift */; };
		F3D81CC2233D06070073DAC7 /* SceneDelegate.swift in Sources */ = {isa = PBXBuildFile; fileRef = F3D81CC1233D06070073DAC7 /* SceneDelegate.swift */; };
		F3D81CC4233D06070073DAC7 /* ViewController.swift in Sources */ = {isa = PBXBuildFile; fileRef = F3D81CC3233D06070073DAC7 /* ViewController.swift */; };
		F3D81CC7233D06070073DAC7 /* Main.storyboard in Resources */ = {isa = PBXBuildFile; fileRef = F3D81CC5233D06070073DAC7 /* Main.storyboard */; };
		F3D81CC9233D06080073DAC7 /* Assets.xcassets in Resources */ = {isa = PBXBuildFile; fileRef = F3D81CC8233D06080073DAC7 /* Assets.xcassets */; };
		F3D81CCC233D06080073DAC7 /* LaunchScreen.storyboard in Resources */ = {isa = PBXBuildFile; fileRef = F3D81CCA233D06080073DAC7 /* LaunchScreen.storyboard */; };
		F3D81CD4233D0B0C0073DAC7 /* TableViewController.swift in Sources */ = {isa = PBXBuildFile; fileRef = F3D81CD3233D0B0C0073DAC7 /* TableViewController.swift */; };
		F3D81CD6233D0B190073DAC7 /* TableViewCell.swift in Sources */ = {isa = PBXBuildFile; fileRef = F3D81CD5233D0B190073DAC7 /* TableViewCell.swift */; };
		FECE27EB2350E9F0000837CE /* VCpaquete.swift in Sources */ = {isa = PBXBuildFile; fileRef = FECE27EA2350E9F0000837CE /* VCpaquete.swift */; };
		FECE27F12350EAB6000837CE /* TVCellpaquete.swift in Sources */ = {isa = PBXBuildFile; fileRef = FECE27F02350EAB6000837CE /* TVCellpaquete.swift */; };
		FECE27F32350EAD4000837CE /* TVCpaquete.swift in Sources */ = {isa = PBXBuildFile; fileRef = FECE27F22350EAD4000837CE /* TVCpaquete.swift */; };
/* End PBXBuildFile section */

/* Begin PBXFileReference section */
		F3D81CBC233D06070073DAC7 /* try1.app */ = {isa = PBXFileReference; explicitFileType = wrapper.application; includeInIndex = 0; path = try1.app; sourceTree = BUILT_PRODUCTS_DIR; };
		F3D81CBF233D06070073DAC7 /* AppDelegate.swift */ = {isa = PBXFileReference; lastKnownFileType = sourcecode.swift; path = AppDelegate.swift; sourceTree = "<group>"; };
		F3D81CC1233D06070073DAC7 /* SceneDelegate.swift */ = {isa = PBXFileReference; lastKnownFileType = sourcecode.swift; path = SceneDelegate.swift; sourceTree = "<group>"; };
		F3D81CC3233D06070073DAC7 /* ViewController.swift */ = {isa = PBXFileReference; lastKnownFileType = sourcecode.swift; path = ViewController.swift; sourceTree = "<group>"; };
		F3D81CC6233D06070073DAC7 /* Base */ = {isa = PBXFileReference; lastKnownFileType = file.storyboard; name = Base; path = Base.lproj/Main.storyboard; sourceTree = "<group>"; };
		F3D81CC8233D06080073DAC7 /* Assets.xcassets */ = {isa = PBXFileReference; lastKnownFileType = folder.assetcatalog; path = Assets.xcassets; sourceTree = "<group>"; };
		F3D81CCB233D06080073DAC7 /* Base */ = {isa = PBXFileReference; lastKnownFileType = file.storyboard; name = Base; path = Base.lproj/LaunchScreen.storyboard; sourceTree = "<group>"; };
		F3D81CCD233D06080073DAC7 /* Info.plist */ = {isa = PBXFileReference; lastKnownFileType = text.plist.xml; path = Info.plist; sourceTree = "<group>"; };
		F3D81CD3233D0B0C0073DAC7 /* TableViewController.swift */ = {isa = PBXFileReference; lastKnownFileType = sourcecode.swift; path = TableViewController.swift; sourceTree = "<group>"; };
		F3D81CD5233D0B190073DAC7 /* TableViewCell.swift */ = {isa = PBXFileReference; lastKnownFileType = sourcecode.swift; path = TableViewCell.swift; sourceTree = "<group>"; };
		FECE27EA2350E9F0000837CE /* VCpaquete.swift */ = {isa = PBXFileReference; lastKnownFileType = sourcecode.swift; path = VCpaquete.swift; sourceTree = "<group>"; };
		FECE27F02350EAB6000837CE /* TVCellpaquete.swift */ = {isa = PBXFileReference; lastKnownFileType = sourcecode.swift; path = TVCellpaquete.swift; sourceTree = "<group>"; };
		FECE27F22350EAD4000837CE /* TVCpaquete.swift */ = {isa = PBXFileReference; lastKnownFileType = sourcecode.swift; path = TVCpaquete.swift; sourceTree = "<group>"; };
/* End PBXFileReference section */

/* Begin PBXFrameworksBuildPhase section */
		F3D81CB9233D06070073DAC7 /* Frameworks */ = {
			isa = PBXFrameworksBuildPhase;
			buildActionMask = 2147483647;
			files = (
			);
			runOnlyForDeploymentPostprocessing = 0;
		};
/* End PBXFrameworksBuildPhase section */

/* Begin PBXGroup section */
		F3D81CB3233D06070073DAC7 = {
			isa = PBXGroup;
			children = (
				F3D81CBE233D06070073DAC7 /* try1 */,
				F3D81CBD233D06070073DAC7 /* Products */,
			);
			sourceTree = "<group>";
		};
		F3D81CBD233D06070073DAC7 /* Products */ = {
			isa = PBXGroup;
			children = (
				F3D81CBC233D06070073DAC7 /* try1.app */,
			);
			name = Products;
			sourceTree = "<group>";
		};
		F3D81CBE233D06070073DAC7 /* try1 */ = {
			isa = PBXGroup;
			children = (
				F3D81CBF233D06070073DAC7 /* AppDelegate.swift */,
				F3D81CC1233D06070073DAC7 /* SceneDelegate.swift */,
				F3D81CC3233D06070073DAC7 /* ViewController.swift */,
				F3D81CC5233D06070073DAC7 /* Main.storyboard */,
				F3D81CC8233D06080073DAC7 /* Assets.xcassets */,
				F3D81CCA233D06080073DAC7 /* LaunchScreen.storyboard */,
				F3D81CCD233D06080073DAC7 /* Info.plist */,
				F3D81CD3233D0B0C0073DAC7 /* TableViewController.swift */,
				F3D81CD5233D0B190073DAC7 /* TableViewCell.swift */,
				FECE27EA2350E9F0000837CE /* VCpaquete.swift */,
				FECE27F02350EAB6000837CE /* TVCellpaquete.swift */,
				FECE27F22350EAD4000837CE /* TVCpaquete.swift */,
			);
			path = try1;
			sourceTree = "<group>";
		};
/* End PBXGroup section */

/* Begin PBXNativeTarget section */
		F3D81CBB233D06070073DAC7 /* try1 */ = {
			isa = PBXNativeTarget;
			buildConfigurationList = F3D81CD0233D06080073DAC7 /* Build configuration list for PBXNativeTarget "try1" */;
			buildPhases = (
				F3D81CB8233D06070073DAC7 /* Sources */,
				F3D81CB9233D06070073DAC7 /* Frameworks */,
				F3D81CBA233D06070073DAC7 /* Resources */,
			);
			buildRules = (
			);
			dependencies = (
			);
			name = try1;
			productName = try1;
			productReference = F3D81CBC233D06070073DAC7 /* try1.app */;
			productType = "com.apple.product-type.application";
		};
/* End PBXNativeTarget section */

/* Begin PBXProject section */
		F3D81CB4233D06070073DAC7 /* Project object */ = {
			isa = PBXProject;
			attributes = {
				LastSwiftUpdateCheck = 1100;
				LastUpgradeCheck = 1100;
				ORGANIZATIONNAME = UNAM;
				TargetAttributes = {
					F3D81CBB233D06070073DAC7 = {
						CreatedOnToolsVersion = 11.0;
					};
				};
			};
			buildConfigurationList = F3D81CB7233D06070073DAC7 /* Build configuration list for PBXProject "try1" */;
			compatibilityVersion = "Xcode 9.3";
			developmentRegion = en;
			hasScannedForEncodings = 0;
			knownRegions = (
				en,
				Base,
			);
			mainGroup = F3D81CB3233D06070073DAC7;
			productRefGroup = F3D81CBD233D06070073DAC7 /* Products */;
			projectDirPath = "";
			projectRoot = "";
			targets = (
				F3D81CBB233D06070073DAC7 /* try1 */,
			);
		};
/* End PBXProject section */

/* Begin PBXResourcesBuildPhase section */
		F3D81CBA233D06070073DAC7 /* Resources */ = {
			isa = PBXResourcesBuildPhase;
			buildActionMask = 2147483647;
			files = (
				F3D81CCC233D06080073DAC7 /* LaunchScreen.storyboard in Resources */,
				F3D81CC9233D06080073DAC7 /* Assets.xcassets in Resources */,
				F3D81CC7233D06070073DAC7 /* Main.storyboard in Resources */,
			);
			runOnlyForDeploymentPostprocessing = 0;
		};
/* End PBXResourcesBuildPhase section */

/* Begin PBXSourcesBuildPhase section */
		F3D81CB8233D06070073DAC7 /* Sources */ = {
			isa = PBXSourcesBuildPhase;
			buildActionMask = 2147483647;
			files = (
				FECE27EB2350E9F0000837CE /* VCpaquete.swift in Sources */,
				F3D81CD6233D0B190073DAC7 /* TableViewCell.swift in Sources */,
				F3D81CC4233D06070073DAC7 /* ViewController.swift in Sources */,
				FECE27F12350EAB6000837CE /* TVCellpaquete.swift in Sources */,
				F3D81CC0233D06070073DAC7 /* AppDelegate.swift in Sources */,
				FECE27F32350EAD4000837CE /* TVCpaquete.swift in Sources */,
				F3D81CC2233D06070073DAC7 /* SceneDelegate.swift in Sources */,
				F3D81CD4233D0B0C0073DAC7 /* TableViewController.swift in Sources */,
			);
			runOnlyForDeploymentPostprocessing = 0;
		};
/* End PBXSourcesBuildPhase section */

/* Begin PBXVariantGroup section */
		F3D81CC5233D06070073DAC7 /* Main.storyboard */ = {
			isa = PBXVariantGroup;
			children = (
				F3D81CC6233D06070073DAC7 /* Base */,
			);
			name = Main.storyboard;
			sourceTree = "<group>";
		};
		F3D81CCA233D06080073DAC7 /* LaunchScreen.storyboard */ = {
			isa = PBXVariantGroup;
			children = (
				F3D81CCB233D06080073DAC7 /* Base */,
			);
			name = LaunchScreen.storyboard;
			sourceTree = "<group>";
		};
/* End PBXVariantGroup section */

/* Begin XCBuildConfiguration section */
		F3D81CCE233D06080073DAC7 /* Debug */ = {
			isa = XCBuildConfiguration;
			buildSettings = {
				ALWAYS_SEARCH_USER_PATHS = NO;
				CLANG_ANALYZER_NONNULL = YES;
				CLANG_ANALYZER_NUMBER_OBJECT_CONVERSION = YES_AGGRESSIVE;
				CLANG_CXX_LANGUAGE_STANDARD = "gnu++14";
				CLANG_CXX_LIBRARY = "libc++";
				CLANG_ENABLE_MODULES = YES;
				CLANG_ENABLE_OBJC_ARC = YES;
				CLANG_ENABLE_OBJC_WEAK = YES;
				CLANG_WARN_BLOCK_CAPTURE_AUTORELEASING = YES;
				CLANG_WARN_BOOL_CONVERSION = YES;
				CLANG_WARN_COMMA = YES;
				CLANG_WARN_CONSTANT_CONVERSION = YES;
				CLANG_WARN_DEPRECATED_OBJC_IMPLEMENTATIONS = YES;
				CLANG_WARN_DIRECT_OBJC_ISA_USAGE = YES_ERROR;
				CLANG_WARN_DOCUMENTATION_COMMENTS = YES;
				CLANG_WARN_EMPTY_BODY = YES;
				CLANG_WARN_ENUM_CONVERSION = YES;
				CLANG_WARN_INFINITE_RECURSION = YES;
				CLANG_WARN_INT_CONVERSION = YES;
				CLANG_WARN_NON_LITERAL_NULL_CONVERSION = YES;
				CLANG_WARN_OBJC_IMPLICIT_RETAIN_SELF = YES;
				CLANG_WARN_OBJC_LITERAL_CONVERSION = YES;
				CLANG_WARN_OBJC_ROOT_CLASS = YES_ERROR;
				CLANG_WARN_RANGE_LOOP_ANALYSIS = YES;
				CLANG_WARN_STRICT_PROTOTYPES = YES;
				CLANG_WARN_SUSPICIOUS_MOVE = YES;
				CLANG_WARN_UNGUARDED_AVAILABILITY = YES_AGGRESSIVE;
				CLANG_WARN_UNREACHABLE_CODE = YES;
				CLANG_WARN__DUPLICATE_METHOD_MATCH = YES;
				COPY_PHASE_STRIP = NO;
				DEBUG_INFORMATION_FORMAT = dwarf;
				ENABLE_STRICT_OBJC_MSGSEND = YES;
				ENABLE_TESTABILITY = YES;
				GCC_C_LANGUAGE_STANDARD = gnu11;
				GCC_DYNAMIC_NO_PIC = NO;
				GCC_NO_COMMON_BLOCKS = YES;
				GCC_OPTIMIZATION_LEVEL = 0;
				GCC_PREPROCESSOR_DEFINITIONS = (
					"DEBUG=1",
					"$(inherited)",
				);
				GCC_WARN_64_TO_32_BIT_CONVERSION = YES;
				GCC_WARN_ABOUT_RETURN_TYPE = YES_ERROR;
				GCC_WARN_UNDECLARED_SELECTOR = YES;
				GCC_WARN_UNINITIALIZED_AUTOS = YES_AGGRESSIVE;
				GCC_WARN_UNUSED_FUNCTION = YES;
				GCC_WARN_UNUSED_VARIABLE = YES;
				IPHONEOS_DEPLOYMENT_TARGET = 13.0;
				MTL_ENABLE_DEBUG_INFO = INCLUDE_SOURCE;
				MTL_FAST_MATH = YES;
				ONLY_ACTIVE_ARCH = YES;
				SDKROOT = iphoneos;
				SWIFT_ACTIVE_COMPILATION_CONDITIONS = DEBUG;
				SWIFT_OPTIMIZATION_LEVEL = "-Onone";
			};
			name = Debug;
		};
		F3D81CCF233D06080073DAC7 /* Release */ = {
			isa = XCBuildConfiguration;
			buildSettings = {
				ALWAYS_SEARCH_USER_PATHS = NO;
				CLANG_ANALYZER_NONNULL = YES;
				CLANG_ANALYZER_NUMBER_OBJECT_CONVERSION = YES_AGGRESSIVE;
				CLANG_CXX_LANGUAGE_STANDARD = "gnu++14";
				CLANG_CXX_LIBRARY = "libc++";
				CLANG_ENABLE_MODULES = YES;
				CLANG_ENABLE_OBJC_ARC = YES;
				CLANG_ENABLE_OBJC_WEAK = YES;
				CLANG_WARN_BLOCK_CAPTURE_AUTORELEASING = YES;
				CLANG_WARN_BOOL_CONVERSION = YES;
				CLANG_WARN_COMMA = YES;
				CLANG_WARN_CONSTANT_CONVERSION = YES;
				CLANG_WARN_DEPRECATED_OBJC_IMPLEMENTATIONS = YES;
				CLANG_WARN_DIRECT_OBJC_ISA_USAGE = YES_ERROR;
				CLANG_WARN_DOCUMENTATION_COMMENTS = YES;
				CLANG_WARN_EMPTY_BODY = YES;
				CLANG_WARN_ENUM_CONVERSION = YES;
				CLANG_WARN_INFINITE_RECURSION = YES;
				CLANG_WARN_INT_CONVERSION = YES;
				CLANG_WARN_NON_LITERAL_NULL_CONVERSION = YES;
				CLANG_WARN_OBJC_IMPLICIT_RETAIN_SELF = YES;
				CLANG_WARN_OBJC_LITERAL_CONVERSION = YES;
				CLANG_WARN_OBJC_ROOT_CLASS = YES_ERROR;
				CLANG_WARN_RANGE_LOOP_ANALYSIS = YES;
				CLANG_WARN_STRICT_PROTOTYPES = YES;
				CLANG_WARN_SUSPICIOUS_MOVE = YES;
				CLANG_WARN_UNGUARDED_AVAILABILITY = YES_AGGRESSIVE;
				CLANG_WARN_UNREACHABLE_CODE = YES;
				CLANG_WARN__DUPLICATE_METHOD_MATCH = YES;
				COPY_PHASE_STRIP = NO;
				DEBUG_INFORMATION_FORMAT = "dwarf-with-dsym";
				ENABLE_NS_ASSERTIONS = NO;
				ENABLE_STRICT_OBJC_MSGSEND = YES;
				GCC_C_LANGUAGE_STANDARD = gnu11;
				GCC_NO_COMMON_BLOCKS = YES;
				GCC_WARN_64_TO_32_BIT_CONVERSION = YES;
				GCC_WARN_ABOUT_RETURN_TYPE = YES_ERROR;
				GCC_WARN_UNDECLARED_SELECTOR = YES;
				GCC_WARN_UNINITIALIZED_AUTOS = YES_AGGRESSIVE;
				GCC_WARN_UNUSED_FUNCTION = YES;
				GCC_WARN_UNUSED_VARIABLE = YES;
				IPHONEOS_DEPLOYMENT_TARGET = 13.0;
				MTL_ENABLE_DEBUG_INFO = NO;
				MTL_FAST_MATH = YES;
				SDKROOT = iphoneos;
				SWIFT_COMPILATION_MODE = wholemodule;
				SWIFT_OPTIMIZATION_LEVEL = "-O";
				VALIDATE_PRODUCT = YES;
			};
			name = Release;
		};
		F3D81CD1233D06080073DAC7 /* Debug */ = {
			isa = XCBuildConfiguration;
			buildSettings = {
				ASSETCATALOG_COMPILER_APPICON_NAME = AppIcon;
				CODE_SIGN_STYLE = Automatic;
				INFOPLIST_FILE = try1/Info.plist;
				LD_RUNPATH_SEARCH_PATHS = (
					"$(inherited)",
					"@executable_path/Frameworks",
				);
				PRODUCT_BUNDLE_IDENTIFIER = mx.unam.acatlan.try1;
				PRODUCT_NAME = "$(TARGET_NAME)";
				SWIFT_VERSION = 5.0;
				TARGETED_DEVICE_FAMILY = "1,2";
			};
			name = Debug;
		};
		F3D81CD2233D06080073DAC7 /* Release */ = {
			isa = XCBuildConfiguration;
			buildSettings = {
				ASSETCATALOG_COMPILER_APPICON_NAME = AppIcon;
				CODE_SIGN_STYLE = Automatic;
				INFOPLIST_FILE = try1/Info.plist;
				LD_RUNPATH_SEARCH_PATHS = (
					"$(inherited)",
					"@executable_path/Frameworks",
				);
				PRODUCT_BUNDLE_IDENTIFIER = mx.unam.acatlan.try1;
				PRODUCT_NAME = "$(TARGET_NAME)";
				SWIFT_VERSION = 5.0;
				TARGETED_DEVICE_FAMILY = "1,2";
			};
			name = Release;
		};
/* End XCBuildConfiguration section */

/* Begin XCConfigurationList section */
		F3D81CB7233D06070073DAC7 /* Build configuration list for PBXProject "try1" */ = {
			isa = XCConfigurationList;
			buildConfigurations = (
				F3D81CCE233D06080073DAC7 /* Debug */,
				F3D81CCF233D06080073DAC7 /* Release */,
			);
			defaultConfigurationIsVisible = 0;
			defaultConfigurationName = Release;
		};
		F3D81CD0233D06080073DAC7 /* Build configuration list for PBXNativeTarget "try1" */ = {
			isa = XCConfigurationList;
			buildConfigurations = (
				F3D81CD1233D06080073DAC7 /* Debug */,
				F3D81CD2233D06080073DAC7 /* Release */,
			);
			defaultConfigurationIsVisible = 0;
			defaultConfigurationName = Release;
		};
/* End XCConfigurationList section */
	};
	rootObject = F3D81CB4233D06070073DAC7 /* Project object */;
}
